
Microsoft Visual Studio Solution File, Format Version 12.00
# Visual Studio Version 17
VisualStudioVersion = 17.7.34003.232
MinimumVisualStudioVersion = 10.0.40219.1
Project("{9A19103F-16F7-4668-BE54-9A1E7A4F7556}") = "Practica1", "Practica1\Practica1.csproj", "{7A6DED5F-6B43-4D93-B6C4-E9A5D926FA35}"
EndProject
Project("{9A19103F-16F7-4668-BE54-9A1E7A4F7556}") = "NugetExample", "NugetExample\NugetExample.csproj", "{052C9381-0E5B-45C5-B7C8-1BB84BE51743}"
EndProject
Project("{9A19103F-16F7-4668-BE54-9A1E7A4F7556}") = "Practica2", "Practica2\Practica2.csproj", "{4382014B-0FAC-4F12-9A93-0EC4FE99CFFF}"
EndProject
Project("{9A19103F-16F7-4668-BE54-9A1E7A4F7556}") = "ExploreOOP", "ExploreOOP\ExploreOOP.csproj", "{98DC73F4-EDF6-4119-A6BE-265A14D585FE}"
EndProject
Project("{FAE04EC0-301F-11D3-BF4B-00C04F79EFBC}") = "ExploreOOPWebApi", "ExploreOOPWebApi\ExploreOOPWebApi.csproj", "{89865995-774D-464C-9FBB-BABF7E909562}"
EndProject
Global
	GlobalSection(SolutionConfigurationPlatforms) = preSolution
		Debug|Any CPU = Debug|Any CPU
		Release|Any CPU = Release|Any CPU
	EndGlobalSection
	GlobalSection(ProjectConfigurationPlatforms) = postSolution
		{7A6DED5F-6B43-4D93-B6C4-E9A5D926FA35}.Debug|Any CPU.ActiveCfg = Debug|Any CPU
		{7A6DED5F-6B43-4D93-B6C4-E9A5D926FA35}.Debug|Any CPU.Build.0 = Debug|Any CPU
		{7A6DED5F-6B43-4D93-B6C4-E9A5D926FA35}.Release|Any CPU.ActiveCfg = Release|Any CPU
		{7A6DED5F-6B43-4D93-B6C4-E9A5D926FA35}.Release|Any CPU.Build.0 = Release|Any CPU
		{052C9381-0E5B-45C5-B7C8-1BB84BE51743}.Debug|Any CPU.ActiveCfg = Debug|Any CPU
		{052C9381-0E5B-45C5-B7C8-1BB84BE51743}.Debug|Any CPU.Build.0 = Debug|Any CPU
		{052C9381-0E5B-45C5-B7C8-1BB84BE51743}.Release|Any CPU.ActiveCfg = Release|Any CPU
		{052C9381-0E5B-45C5-B7C8-1BB84BE51743}.Release|Any CPU.Build.0 = Release|Any CPU
		{4382014B-0FAC-4F12-9A93-0EC4FE99CFFF}.Debug|Any CPU.ActiveCfg = Debug|Any CPU
		{4382014B-0FAC-4F12-9A93-0EC4FE99CFFF}.Debug|Any CPU.Build.0 = Debug|Any CPU
		{4382014B-0FAC-4F12-9A93-0EC4FE99CFFF}.Release|Any CPU.ActiveCfg = Release|Any CPU
		{4382014B-0FAC-4F12-9A93-0EC4FE99CFFF}.Release|Any CPU.Build.0 = Release|Any CPU
		{98DC73F4-EDF6-4119-A6BE-265A14D585FE}.Debug|Any CPU.ActiveCfg = Debug|Any CPU
		{98DC73F4-EDF6-4119-A6BE-265A14D585FE}.Debug|Any CPU.Build.0 = Debug|Any CPU
		{98DC73F4-EDF6-4119-A6BE-265A14D585FE}.Release|Any CPU.ActiveCfg = Release|Any CPU
		{98DC73F4-EDF6-4119-A6BE-265A14D585FE}.Release|Any CPU.Build.0 = Release|Any CPU
		{89865995-774D-464C-9FBB-BABF7E909562}.Debug|Any CPU.ActiveCfg = Debug|Any CPU
		{89865995-774D-464C-9FBB-BABF7E909562}.Debug|Any CPU.Build.0 = Debug|Any CPU
		{89865995-774D-464C-9FBB-BABF7E909562}.Release|Any CPU.ActiveCfg = Release|Any CPU
		{89865995-774D-464C-9FBB-BABF7E909562}.Release|Any CPU.Build.0 = Release|Any CPU
	EndGlobalSection
	GlobalSection(SolutionProperties) = preSolution
		HideSolutionNode = FALSE
	EndGlobalSection
	GlobalSection(ExtensibilityGlobals) = postSolution
		SolutionGuid = {E66C7154-5AF5-45C5-AA2D-37AD75D802C2}
	EndGlobalSection
EndGlobal
