
Microsoft Visual Studio Solution File, Format Version 12.00
# Visual Studio Version 17
VisualStudioVersion = 17.6.33723.286
MinimumVisualStudioVersion = 10.0.40219.1
Project("{FAE04EC0-301F-11D3-BF4B-00C04F79EFBC}") = "Ejercicio5", "Ejercicio5.csproj", "{AC304225-8BB3-4A43-9617-DDB2443660F1}"
EndProject
Global
	GlobalSection(SolutionConfigurationPlatforms) = preSolution
		Debug|Any CPU = Debug|Any CPU
		Release|Any CPU = Release|Any CPU
	EndGlobalSection
	GlobalSection(ProjectConfigurationPlatforms) = postSolution
		{AC304225-8BB3-4A43-9617-DDB2443660F1}.Debug|Any CPU.ActiveCfg = Debug|Any CPU
		{AC304225-8BB3-4A43-9617-DDB2443660F1}.Debug|Any CPU.Build.0 = Debug|Any CPU
		{AC304225-8BB3-4A43-9617-DDB2443660F1}.Release|Any CPU.ActiveCfg = Release|Any CPU
		{AC304225-8BB3-4A43-9617-DDB2443660F1}.Release|Any CPU.Build.0 = Release|Any CPU
	EndGlobalSection
	GlobalSection(SolutionProperties) = preSolution
		HideSolutionNode = FALSE
	EndGlobalSection
	GlobalSection(ExtensibilityGlobals) = postSolution
		SolutionGuid = {8071103B-5C29-4263-B66F-CECF0B9C634B}
	EndGlobalSection
EndGlobal
